// !$*UTF8*$!
{
	archiveVersion = 1;
	classes = {
	};
	objectVersion = 56;
	objects = {

/* Begin PBXBuildFile section */
		B58F33FA2909B0B800EA5D71 /* AppDelegate.swift in Sources */ = {isa = PBXBuildFile; fileRef = B58F33F92909B0B800EA5D71 /* AppDelegate.swift */; };
		B58F33FC2909B0B800EA5D71 /* SceneDelegate.swift in Sources */ = {isa = PBXBuildFile; fileRef = B58F33FB2909B0B800EA5D71 /* SceneDelegate.swift */; };
		B58F33FE2909B0B800EA5D71 /* ViewController.swift in Sources */ = {isa = PBXBuildFile; fileRef = B58F33FD2909B0B800EA5D71 /* ViewController.swift */; };
		B58F34032909B0B900EA5D71 /* Assets.xcassets in Resources */ = {isa = PBXBuildFile; fileRef = B58F34022909B0B900EA5D71 /* Assets.xcassets */; };
		B58F34062909B0B900EA5D71 /* LaunchScreen.storyboard in Resources */ = {isa = PBXBuildFile; fileRef = B58F34042909B0B900EA5D71 /* LaunchScreen.storyboard */; };
		B58F34112909B0B900EA5D71 /* CarDiagMainPageTests.swift in Sources */ = {isa = PBXBuildFile; fileRef = B58F34102909B0B900EA5D71 /* CarDiagMainPageTests.swift */; };
		B58F341B2909B0B900EA5D71 /* CarDiagMainPageUITests.swift in Sources */ = {isa = PBXBuildFile; fileRef = B58F341A2909B0B900EA5D71 /* CarDiagMainPageUITests.swift */; };
		B58F341D2909B0B900EA5D71 /* CarDiagMainPageUITestsLaunchTests.swift in Sources */ = {isa = PBXBuildFile; fileRef = B58F341C2909B0B900EA5D71 /* CarDiagMainPageUITestsLaunchTests.swift */; };
		B58F342A2909B22A00EA5D71 /* Main.storyboard in Resources */ = {isa = PBXBuildFile; fileRef = B58F34292909B22A00EA5D71 /* Main.storyboard */; };
		B58F342B2909B22A00EA5D71 /* Main.storyboard in Resources */ = {isa = PBXBuildFile; fileRef = B58F34292909B22A00EA5D71 /* Main.storyboard */; };
		B58F342C2909B22A00EA5D71 /* Main.storyboard in Resources */ = {isa = PBXBuildFile; fileRef = B58F34292909B22A00EA5D71 /* Main.storyboard */; };
		B5A3324B2911C566005F77D5 /* LoginViewController.swift in Sources */ = {isa = PBXBuildFile; fileRef = B5A3324A2911C566005F77D5 /* LoginViewController.swift */; };
		B5A3324D2911C57A005F77D5 /* SignupViewController.swift in Sources */ = {isa = PBXBuildFile; fileRef = B5A3324C2911C57A005F77D5 /* SignupViewController.swift */; };
		B5A3324F2911D03C005F77D5 /* GoogleService-Info.plist in Resources */ = {isa = PBXBuildFile; fileRef = B5A3324E2911D03C005F77D5 /* GoogleService-Info.plist */; };
		B5A332522911D5FF005F77D5 /* FirebaseAnalytics in Frameworks */ = {isa = PBXBuildFile; productRef = B5A332512911D5FF005F77D5 /* FirebaseAnalytics */; };
		B5A332542911D5FF005F77D5 /* FirebaseAnalyticsOnDeviceConversion in Frameworks */ = {isa = PBXBuildFile; productRef = B5A332532911D5FF005F77D5 /* FirebaseAnalyticsOnDeviceConversion */; };
		B5A332562911D5FF005F77D5 /* FirebaseAnalyticsSwift in Frameworks */ = {isa = PBXBuildFile; productRef = B5A332552911D5FF005F77D5 /* FirebaseAnalyticsSwift */; };
		B5A332582911D5FF005F77D5 /* FirebaseAnalyticsWithoutAdIdSupport in Frameworks */ = {isa = PBXBuildFile; productRef = B5A332572911D5FF005F77D5 /* FirebaseAnalyticsWithoutAdIdSupport */; };
		B5A3325A2911D5FF005F77D5 /* FirebaseAppCheck in Frameworks */ = {isa = PBXBuildFile; productRef = B5A332592911D5FF005F77D5 /* FirebaseAppCheck */; };
		B5A3325C2911D5FF005F77D5 /* FirebaseAppDistribution-Beta in Frameworks */ = {isa = PBXBuildFile; productRef = B5A3325B2911D5FF005F77D5 /* FirebaseAppDistribution-Beta */; };
		B5A3325E2911D5FF005F77D5 /* FirebaseAuth in Frameworks */ = {isa = PBXBuildFile; productRef = B5A3325D2911D5FF005F77D5 /* FirebaseAuth */; };
		B5A332602911D5FF005F77D5 /* FirebaseAuthCombine-Community in Frameworks */ = {isa = PBXBuildFile; productRef = B5A3325F2911D5FF005F77D5 /* FirebaseAuthCombine-Community */; };
		B5A332622911D5FF005F77D5 /* FirebaseCrashlytics in Frameworks */ = {isa = PBXBuildFile; productRef = B5A332612911D5FF005F77D5 /* FirebaseCrashlytics */; };
		B5A332642911D5FF005F77D5 /* FirebaseDatabase in Frameworks */ = {isa = PBXBuildFile; productRef = B5A332632911D5FF005F77D5 /* FirebaseDatabase */; };
		B5A332662911D5FF005F77D5 /* FirebaseDatabaseSwift in Frameworks */ = {isa = PBXBuildFile; productRef = B5A332652911D5FF005F77D5 /* FirebaseDatabaseSwift */; };
		B5A332682911D5FF005F77D5 /* FirebaseDynamicLinks in Frameworks */ = {isa = PBXBuildFile; productRef = B5A332672911D5FF005F77D5 /* FirebaseDynamicLinks */; };
		B5A3326A2911D5FF005F77D5 /* FirebaseFirestore in Frameworks */ = {isa = PBXBuildFile; productRef = B5A332692911D5FF005F77D5 /* FirebaseFirestore */; };
		B5A3326C2911D5FF005F77D5 /* FirebaseFirestoreCombine-Community in Frameworks */ = {isa = PBXBuildFile; productRef = B5A3326B2911D5FF005F77D5 /* FirebaseFirestoreCombine-Community */; };
		B5A3326E2911D5FF005F77D5 /* FirebaseFirestoreSwift in Frameworks */ = {isa = PBXBuildFile; productRef = B5A3326D2911D5FF005F77D5 /* FirebaseFirestoreSwift */; };
		B5A332702911D5FF005F77D5 /* FirebaseFunctions in Frameworks */ = {isa = PBXBuildFile; productRef = B5A3326F2911D5FF005F77D5 /* FirebaseFunctions */; };
		B5A332722911D5FF005F77D5 /* FirebaseFunctionsCombine-Community in Frameworks */ = {isa = PBXBuildFile; productRef = B5A332712911D5FF005F77D5 /* FirebaseFunctionsCombine-Community */; };
		B5A332742911D5FF005F77D5 /* FirebaseInAppMessaging-Beta in Frameworks */ = {isa = PBXBuildFile; productRef = B5A332732911D5FF005F77D5 /* FirebaseInAppMessaging-Beta */; };
		B5A332762911D5FF005F77D5 /* FirebaseInAppMessagingSwift-Beta in Frameworks */ = {isa = PBXBuildFile; productRef = B5A332752911D5FF005F77D5 /* FirebaseInAppMessagingSwift-Beta */; };
		B5A332782911D5FF005F77D5 /* FirebaseInstallations in Frameworks */ = {isa = PBXBuildFile; productRef = B5A332772911D5FF005F77D5 /* FirebaseInstallations */; };
		B5A3327A2911D5FF005F77D5 /* FirebaseMLModelDownloader in Frameworks */ = {isa = PBXBuildFile; productRef = B5A332792911D5FF005F77D5 /* FirebaseMLModelDownloader */; };
		B5A3327C2911D5FF005F77D5 /* FirebaseMessaging in Frameworks */ = {isa = PBXBuildFile; productRef = B5A3327B2911D5FF005F77D5 /* FirebaseMessaging */; };
		B5A3327E2911D5FF005F77D5 /* FirebasePerformance in Frameworks */ = {isa = PBXBuildFile; productRef = B5A3327D2911D5FF005F77D5 /* FirebasePerformance */; };
		B5A332802911D5FF005F77D5 /* FirebaseRemoteConfig in Frameworks */ = {isa = PBXBuildFile; productRef = B5A3327F2911D5FF005F77D5 /* FirebaseRemoteConfig */; };
		B5A332822911D5FF005F77D5 /* FirebaseRemoteConfigSwift in Frameworks */ = {isa = PBXBuildFile; productRef = B5A332812911D5FF005F77D5 /* FirebaseRemoteConfigSwift */; };
		B5A332842911D5FF005F77D5 /* FirebaseStorage in Frameworks */ = {isa = PBXBuildFile; productRef = B5A332832911D5FF005F77D5 /* FirebaseStorage */; };
		B5A332862911D5FF005F77D5 /* FirebaseStorageCombine-Community in Frameworks */ = {isa = PBXBuildFile; productRef = B5A332852911D5FF005F77D5 /* FirebaseStorageCombine-Community */; };
/* End PBXBuildFile section */

/* Begin PBXContainerItemProxy section */
		B58F340D2909B0B900EA5D71 /* PBXContainerItemProxy */ = {
			isa = PBXContainerItemProxy;
			containerPortal = B58F33EE2909B0B800EA5D71 /* Project object */;
			proxyType = 1;
			remoteGlobalIDString = B58F33F52909B0B800EA5D71;
			remoteInfo = CarDiagMainPage;
		};
		B58F34172909B0B900EA5D71 /* PBXContainerItemProxy */ = {
			isa = PBXContainerItemProxy;
			containerPortal = B58F33EE2909B0B800EA5D71 /* Project object */;
			proxyType = 1;
			remoteGlobalIDString = B58F33F52909B0B800EA5D71;
			remoteInfo = CarDiagMainPage;
		};
/* End PBXContainerItemProxy section */

/* Begin PBXFileReference section */
		B58F33F62909B0B800EA5D71 /* CarDiagMainPage.app */ = {isa = PBXFileReference; explicitFileType = wrapper.application; includeInIndex = 0; path = CarDiagMainPage.app; sourceTree = BUILT_PRODUCTS_DIR; };
		B58F33F92909B0B800EA5D71 /* AppDelegate.swift */ = {isa = PBXFileReference; lastKnownFileType = sourcecode.swift; path = AppDelegate.swift; sourceTree = "<group>"; };
		B58F33FB2909B0B800EA5D71 /* SceneDelegate.swift */ = {isa = PBXFileReference; lastKnownFileType = sourcecode.swift; path = SceneDelegate.swift; sourceTree = "<group>"; };
		B58F33FD2909B0B800EA5D71 /* ViewController.swift */ = {isa = PBXFileReference; lastKnownFileType = sourcecode.swift; path = ViewController.swift; sourceTree = "<group>"; };
		B58F34022909B0B900EA5D71 /* Assets.xcassets */ = {isa = PBXFileReference; lastKnownFileType = folder.assetcatalog; path = Assets.xcassets; sourceTree = "<group>"; };
		B58F34052909B0B900EA5D71 /* Base */ = {isa = PBXFileReference; lastKnownFileType = file.storyboard; name = Base; path = Base.lproj/LaunchScreen.storyboard; sourceTree = "<group>"; };
		B58F34072909B0B900EA5D71 /* Info.plist */ = {isa = PBXFileReference; lastKnownFileType = text.plist.xml; path = Info.plist; sourceTree = "<group>"; };
		B58F340C2909B0B900EA5D71 /* CarDiagMainPageTests.xctest */ = {isa = PBXFileReference; explicitFileType = wrapper.cfbundle; includeInIndex = 0; path = CarDiagMainPageTests.xctest; sourceTree = BUILT_PRODUCTS_DIR; };
		B58F34102909B0B900EA5D71 /* CarDiagMainPageTests.swift */ = {isa = PBXFileReference; lastKnownFileType = sourcecode.swift; path = CarDiagMainPageTests.swift; sourceTree = "<group>"; };
		B58F34162909B0B900EA5D71 /* CarDiagMainPageUITests.xctest */ = {isa = PBXFileReference; explicitFileType = wrapper.cfbundle; includeInIndex = 0; path = CarDiagMainPageUITests.xctest; sourceTree = BUILT_PRODUCTS_DIR; };
		B58F341A2909B0B900EA5D71 /* CarDiagMainPageUITests.swift */ = {isa = PBXFileReference; lastKnownFileType = sourcecode.swift; path = CarDiagMainPageUITests.swift; sourceTree = "<group>"; };
		B58F341C2909B0B900EA5D71 /* CarDiagMainPageUITestsLaunchTests.swift */ = {isa = PBXFileReference; lastKnownFileType = sourcecode.swift; path = CarDiagMainPageUITestsLaunchTests.swift; sourceTree = "<group>"; };
		B58F34292909B22A00EA5D71 /* Main.storyboard */ = {isa = PBXFileReference; fileEncoding = 4; lastKnownFileType = file.storyboard; path = Main.storyboard; sourceTree = "<group>"; };
		B5A3324A2911C566005F77D5 /* LoginViewController.swift */ = {isa = PBXFileReference; lastKnownFileType = sourcecode.swift; path = LoginViewController.swift; sourceTree = "<group>"; };
		B5A3324C2911C57A005F77D5 /* SignupViewController.swift */ = {isa = PBXFileReference; lastKnownFileType = sourcecode.swift; path = SignupViewController.swift; sourceTree = "<group>"; };
		B5A3324E2911D03C005F77D5 /* GoogleService-Info.plist */ = {isa = PBXFileReference; fileEncoding = 4; lastKnownFileType = text.plist.xml; path = "GoogleService-Info.plist"; sourceTree = "<group>"; };
/* End PBXFileReference section */

/* Begin PBXFrameworksBuildPhase section */
		B58F33F32909B0B800EA5D71 /* Frameworks */ = {
			isa = PBXFrameworksBuildPhase;
			buildActionMask = 2147483647;
			files = (
				B5A332642911D5FF005F77D5 /* FirebaseDatabase in Frameworks */,
				B5A332722911D5FF005F77D5 /* FirebaseFunctionsCombine-Community in Frameworks */,
				B5A3326A2911D5FF005F77D5 /* FirebaseFirestore in Frameworks */,
				B5A332562911D5FF005F77D5 /* FirebaseAnalyticsSwift in Frameworks */,
				B5A332522911D5FF005F77D5 /* FirebaseAnalytics in Frameworks */,
				B5A332542911D5FF005F77D5 /* FirebaseAnalyticsOnDeviceConversion in Frameworks */,
				B5A3327A2911D5FF005F77D5 /* FirebaseMLModelDownloader in Frameworks */,
				B5A3326E2911D5FF005F77D5 /* FirebaseFirestoreSwift in Frameworks */,
				B5A3325A2911D5FF005F77D5 /* FirebaseAppCheck in Frameworks */,
				B5A332582911D5FF005F77D5 /* FirebaseAnalyticsWithoutAdIdSupport in Frameworks */,
				B5A3325E2911D5FF005F77D5 /* FirebaseAuth in Frameworks */,
				B5A332622911D5FF005F77D5 /* FirebaseCrashlytics in Frameworks */,
				B5A332822911D5FF005F77D5 /* FirebaseRemoteConfigSwift in Frameworks */,
				B5A332742911D5FF005F77D5 /* FirebaseInAppMessaging-Beta in Frameworks */,
				B5A332662911D5FF005F77D5 /* FirebaseDatabaseSwift in Frameworks */,
				B5A332702911D5FF005F77D5 /* FirebaseFunctions in Frameworks */,
				B5A332862911D5FF005F77D5 /* FirebaseStorageCombine-Community in Frameworks */,
				B5A332802911D5FF005F77D5 /* FirebaseRemoteConfig in Frameworks */,
				B5A3325C2911D5FF005F77D5 /* FirebaseAppDistribution-Beta in Frameworks */,
				B5A332602911D5FF005F77D5 /* FirebaseAuthCombine-Community in Frameworks */,
				B5A3327E2911D5FF005F77D5 /* FirebasePerformance in Frameworks */,
				B5A332762911D5FF005F77D5 /* FirebaseInAppMessagingSwift-Beta in Frameworks */,
				B5A332842911D5FF005F77D5 /* FirebaseStorage in Frameworks */,
				B5A332682911D5FF005F77D5 /* FirebaseDynamicLinks in Frameworks */,
				B5A3326C2911D5FF005F77D5 /* FirebaseFirestoreCombine-Community in Frameworks */,
				B5A3327C2911D5FF005F77D5 /* FirebaseMessaging in Frameworks */,
				B5A332782911D5FF005F77D5 /* FirebaseInstallations in Frameworks */,
			);
			runOnlyForDeploymentPostprocessing = 0;
		};
		B58F34092909B0B900EA5D71 /* Frameworks */ = {
			isa = PBXFrameworksBuildPhase;
			buildActionMask = 2147483647;
			files = (
			);
			runOnlyForDeploymentPostprocessing = 0;
		};
		B58F34132909B0B900EA5D71 /* Frameworks */ = {
			isa = PBXFrameworksBuildPhase;
			buildActionMask = 2147483647;
			files = (
			);
			runOnlyForDeploymentPostprocessing = 0;
		};
/* End PBXFrameworksBuildPhase section */

/* Begin PBXGroup section */
		B58F33ED2909B0B800EA5D71 = {
			isa = PBXGroup;
			children = (
				B58F33F82909B0B800EA5D71 /* CarDiagMainPage */,
				B58F340F2909B0B900EA5D71 /* CarDiagMainPageTests */,
				B58F34192909B0B900EA5D71 /* CarDiagMainPageUITests */,
				B58F33F72909B0B800EA5D71 /* Products */,
			);
			sourceTree = "<group>";
		};
		B58F33F72909B0B800EA5D71 /* Products */ = {
			isa = PBXGroup;
			children = (
				B58F33F62909B0B800EA5D71 /* CarDiagMainPage.app */,
				B58F340C2909B0B900EA5D71 /* CarDiagMainPageTests.xctest */,
				B58F34162909B0B900EA5D71 /* CarDiagMainPageUITests.xctest */,
			);
			name = Products;
			sourceTree = "<group>";
		};
		B58F33F82909B0B800EA5D71 /* CarDiagMainPage */ = {
			isa = PBXGroup;
			children = (
				B5A3324E2911D03C005F77D5 /* GoogleService-Info.plist */,
				B58F33F92909B0B800EA5D71 /* AppDelegate.swift */,
				B58F33FB2909B0B800EA5D71 /* SceneDelegate.swift */,
				B58F33FD2909B0B800EA5D71 /* ViewController.swift */,
				B5A3324A2911C566005F77D5 /* LoginViewController.swift */,
				B5A3324C2911C57A005F77D5 /* SignupViewController.swift */,
				B58F34022909B0B900EA5D71 /* Assets.xcassets */,
				B58F34292909B22A00EA5D71 /* Main.storyboard */,
				B58F34042909B0B900EA5D71 /* LaunchScreen.storyboard */,
				B58F34072909B0B900EA5D71 /* Info.plist */,
			);
			path = CarDiagMainPage;
			sourceTree = "<group>";
		};
		B58F340F2909B0B900EA5D71 /* CarDiagMainPageTests */ = {
			isa = PBXGroup;
			children = (
				B58F34102909B0B900EA5D71 /* CarDiagMainPageTests.swift */,
			);
			path = CarDiagMainPageTests;
			sourceTree = "<group>";
		};
		B58F34192909B0B900EA5D71 /* CarDiagMainPageUITests */ = {
			isa = PBXGroup;
			children = (
				B58F341A2909B0B900EA5D71 /* CarDiagMainPageUITests.swift */,
				B58F341C2909B0B900EA5D71 /* CarDiagMainPageUITestsLaunchTests.swift */,
			);
			path = CarDiagMainPageUITests;
			sourceTree = "<group>";
		};
/* End PBXGroup section */

/* Begin PBXNativeTarget section */
		B58F33F52909B0B800EA5D71 /* CarDiagMainPage */ = {
			isa = PBXNativeTarget;
			buildConfigurationList = B58F34202909B0B900EA5D71 /* Build configuration list for PBXNativeTarget "CarDiagMainPage" */;
			buildPhases = (
				B58F33F22909B0B800EA5D71 /* Sources */,
				B58F33F32909B0B800EA5D71 /* Frameworks */,
				B58F33F42909B0B800EA5D71 /* Resources */,
			);
			buildRules = (
			);
			dependencies = (
			);
			name = CarDiagMainPage;
			packageProductDependencies = (
				B5A332512911D5FF005F77D5 /* FirebaseAnalytics */,
				B5A332532911D5FF005F77D5 /* FirebaseAnalyticsOnDeviceConversion */,
				B5A332552911D5FF005F77D5 /* FirebaseAnalyticsSwift */,
				B5A332572911D5FF005F77D5 /* FirebaseAnalyticsWithoutAdIdSupport */,
				B5A332592911D5FF005F77D5 /* FirebaseAppCheck */,
				B5A3325B2911D5FF005F77D5 /* FirebaseAppDistribution-Beta */,
				B5A3325D2911D5FF005F77D5 /* FirebaseAuth */,
				B5A3325F2911D5FF005F77D5 /* FirebaseAuthCombine-Community */,
				B5A332612911D5FF005F77D5 /* FirebaseCrashlytics */,
				B5A332632911D5FF005F77D5 /* FirebaseDatabase */,
				B5A332652911D5FF005F77D5 /* FirebaseDatabaseSwift */,
				B5A332672911D5FF005F77D5 /* FirebaseDynamicLinks */,
				B5A332692911D5FF005F77D5 /* FirebaseFirestore */,
				B5A3326B2911D5FF005F77D5 /* FirebaseFirestoreCombine-Community */,
				B5A3326D2911D5FF005F77D5 /* FirebaseFirestoreSwift */,
				B5A3326F2911D5FF005F77D5 /* FirebaseFunctions */,
				B5A332712911D5FF005F77D5 /* FirebaseFunctionsCombine-Community */,
				B5A332732911D5FF005F77D5 /* FirebaseInAppMessaging-Beta */,
				B5A332752911D5FF005F77D5 /* FirebaseInAppMessagingSwift-Beta */,
				B5A332772911D5FF005F77D5 /* FirebaseInstallations */,
				B5A332792911D5FF005F77D5 /* FirebaseMLModelDownloader */,
				B5A3327B2911D5FF005F77D5 /* FirebaseMessaging */,
				B5A3327D2911D5FF005F77D5 /* FirebasePerformance */,
				B5A3327F2911D5FF005F77D5 /* FirebaseRemoteConfig */,
				B5A332812911D5FF005F77D5 /* FirebaseRemoteConfigSwift */,
				B5A332832911D5FF005F77D5 /* FirebaseStorage */,
				B5A332852911D5FF005F77D5 /* FirebaseStorageCombine-Community */,
			);
			productName = CarDiagMainPage;
			productReference = B58F33F62909B0B800EA5D71 /* CarDiagMainPage.app */;
			productType = "com.apple.product-type.application";
		};
		B58F340B2909B0B900EA5D71 /* CarDiagMainPageTests */ = {
			isa = PBXNativeTarget;
			buildConfigurationList = B58F34232909B0B900EA5D71 /* Build configuration list for PBXNativeTarget "CarDiagMainPageTests" */;
			buildPhases = (
				B58F34082909B0B900EA5D71 /* Sources */,
				B58F34092909B0B900EA5D71 /* Frameworks */,
				B58F340A2909B0B900EA5D71 /* Resources */,
			);
			buildRules = (
			);
			dependencies = (
				B58F340E2909B0B900EA5D71 /* PBXTargetDependency */,
			);
			name = CarDiagMainPageTests;
			productName = CarDiagMainPageTests;
			productReference = B58F340C2909B0B900EA5D71 /* CarDiagMainPageTests.xctest */;
			productType = "com.apple.product-type.bundle.unit-test";
		};
		B58F34152909B0B900EA5D71 /* CarDiagMainPageUITests */ = {
			isa = PBXNativeTarget;
			buildConfigurationList = B58F34262909B0B900EA5D71 /* Build configuration list for PBXNativeTarget "CarDiagMainPageUITests" */;
			buildPhases = (
				B58F34122909B0B900EA5D71 /* Sources */,
				B58F34132909B0B900EA5D71 /* Frameworks */,
				B58F34142909B0B900EA5D71 /* Resources */,
			);
			buildRules = (
			);
			dependencies = (
				B58F34182909B0B900EA5D71 /* PBXTargetDependency */,
			);
			name = CarDiagMainPageUITests;
			productName = CarDiagMainPageUITests;
			productReference = B58F34162909B0B900EA5D71 /* CarDiagMainPageUITests.xctest */;
			productType = "com.apple.product-type.bundle.ui-testing";
		};
/* End PBXNativeTarget section */

/* Begin PBXProject section */
		B58F33EE2909B0B800EA5D71 /* Project object */ = {
			isa = PBXProject;
			attributes = {
				BuildIndependentTargetsInParallel = 1;
				LastSwiftUpdateCheck = 1400;
				LastUpgradeCheck = 1400;
				TargetAttributes = {
					B58F33F52909B0B800EA5D71 = {
						CreatedOnToolsVersion = 14.0.1;
					};
					B58F340B2909B0B900EA5D71 = {
						CreatedOnToolsVersion = 14.0.1;
						TestTargetID = B58F33F52909B0B800EA5D71;
					};
					B58F34152909B0B900EA5D71 = {
						CreatedOnToolsVersion = 14.0.1;
						TestTargetID = B58F33F52909B0B800EA5D71;
					};
				};
			};
			buildConfigurationList = B58F33F12909B0B800EA5D71 /* Build configuration list for PBXProject "CarDiagMainPage" */;
			compatibilityVersion = "Xcode 14.0";
			developmentRegion = en;
			hasScannedForEncodings = 0;
			knownRegions = (
				en,
				Base,
			);
			mainGroup = B58F33ED2909B0B800EA5D71;
			packageReferences = (
				B5A332502911D5FF005F77D5 /* XCRemoteSwiftPackageReference "firebase-ios-sdk" */,
			);
			productRefGroup = B58F33F72909B0B800EA5D71 /* Products */;
			projectDirPath = "";
			projectRoot = "";
			targets = (
				B58F33F52909B0B800EA5D71 /* CarDiagMainPage */,
				B58F340B2909B0B900EA5D71 /* CarDiagMainPageTests */,
				B58F34152909B0B900EA5D71 /* CarDiagMainPageUITests */,
			);
		};
/* End PBXProject section */

/* Begin PBXResourcesBuildPhase section */
		B58F33F42909B0B800EA5D71 /* Resources */ = {
			isa = PBXResourcesBuildPhase;
			buildActionMask = 2147483647;
			files = (
				B58F34062909B0B900EA5D71 /* LaunchScreen.storyboard in Resources */,
				B5A3324F2911D03C005F77D5 /* GoogleService-Info.plist in Resources */,
				B58F34032909B0B900EA5D71 /* Assets.xcassets in Resources */,
				B58F342A2909B22A00EA5D71 /* Main.storyboard in Resources */,
			);
			runOnlyForDeploymentPostprocessing = 0;
		};
		B58F340A2909B0B900EA5D71 /* Resources */ = {
			isa = PBXResourcesBuildPhase;
			buildActionMask = 2147483647;
			files = (
				B58F342B2909B22A00EA5D71 /* Main.storyboard in Resources */,
			);
			runOnlyForDeploymentPostprocessing = 0;
		};
		B58F34142909B0B900EA5D71 /* Resources */ = {
			isa = PBXResourcesBuildPhase;
			buildActionMask = 2147483647;
			files = (
				B58F342C2909B22A00EA5D71 /* Main.storyboard in Resources */,
			);
			runOnlyForDeploymentPostprocessing = 0;
		};
/* End PBXResourcesBuildPhase section */

/* Begin PBXSourcesBuildPhase section */
		B58F33F22909B0B800EA5D71 /* Sources */ = {
			isa = PBXSourcesBuildPhase;
			buildActionMask = 2147483647;
			files = (
				B5A3324B2911C566005F77D5 /* LoginViewController.swift in Sources */,
				B58F33FE2909B0B800EA5D71 /* ViewController.swift in Sources */,
				B5A3324D2911C57A005F77D5 /* SignupViewController.swift in Sources */,
				B58F33FA2909B0B800EA5D71 /* AppDelegate.swift in Sources */,
				B58F33FC2909B0B800EA5D71 /* SceneDelegate.swift in Sources */,
			);
			runOnlyForDeploymentPostprocessing = 0;
		};
		B58F34082909B0B900EA5D71 /* Sources */ = {
			isa = PBXSourcesBuildPhase;
			buildActionMask = 2147483647;
			files = (
				B58F34112909B0B900EA5D71 /* CarDiagMainPageTests.swift in Sources */,
			);
			runOnlyForDeploymentPostprocessing = 0;
		};
		B58F34122909B0B900EA5D71 /* Sources */ = {
			isa = PBXSourcesBuildPhase;
			buildActionMask = 2147483647;
			files = (
				B58F341D2909B0B900EA5D71 /* CarDiagMainPageUITestsLaunchTests.swift in Sources */,
				B58F341B2909B0B900EA5D71 /* CarDiagMainPageUITests.swift in Sources */,
			);
			runOnlyForDeploymentPostprocessing = 0;
		};
/* End PBXSourcesBuildPhase section */

/* Begin PBXTargetDependency section */
		B58F340E2909B0B900EA5D71 /* PBXTargetDependency */ = {
			isa = PBXTargetDependency;
			target = B58F33F52909B0B800EA5D71 /* CarDiagMainPage */;
			targetProxy = B58F340D2909B0B900EA5D71 /* PBXContainerItemProxy */;
		};
		B58F34182909B0B900EA5D71 /* PBXTargetDependency */ = {
			isa = PBXTargetDependency;
			target = B58F33F52909B0B800EA5D71 /* CarDiagMainPage */;
			targetProxy = B58F34172909B0B900EA5D71 /* PBXContainerItemProxy */;
		};
/* End PBXTargetDependency section */

/* Begin PBXVariantGroup section */
		B58F34042909B0B900EA5D71 /* LaunchScreen.storyboard */ = {
			isa = PBXVariantGroup;
			children = (
				B58F34052909B0B900EA5D71 /* Base */,
			);
			name = LaunchScreen.storyboard;
			sourceTree = "<group>";
		};
/* End PBXVariantGroup section */

/* Begin XCBuildConfiguration section */
		B58F341E2909B0B900EA5D71 /* Debug */ = {
			isa = XCBuildConfiguration;
			buildSettings = {
				ALWAYS_SEARCH_USER_PATHS = NO;
				CLANG_ANALYZER_NONNULL = YES;
				CLANG_ANALYZER_NUMBER_OBJECT_CONVERSION = YES_AGGRESSIVE;
				CLANG_CXX_LANGUAGE_STANDARD = "gnu++20";
				CLANG_ENABLE_MODULES = YES;
				CLANG_ENABLE_OBJC_ARC = YES;
				CLANG_ENABLE_OBJC_WEAK = YES;
				CLANG_WARN_BLOCK_CAPTURE_AUTORELEASING = YES;
				CLANG_WARN_BOOL_CONVERSION = YES;
				CLANG_WARN_COMMA = YES;
				CLANG_WARN_CONSTANT_CONVERSION = YES;
				CLANG_WARN_DEPRECATED_OBJC_IMPLEMENTATIONS = YES;
				CLANG_WARN_DIRECT_OBJC_ISA_USAGE = YES_ERROR;
				CLANG_WARN_DOCUMENTATION_COMMENTS = YES;
				CLANG_WARN_EMPTY_BODY = YES;
				CLANG_WARN_ENUM_CONVERSION = YES;
				CLANG_WARN_INFINITE_RECURSION = YES;
				CLANG_WARN_INT_CONVERSION = YES;
				CLANG_WARN_NON_LITERAL_NULL_CONVERSION = YES;
				CLANG_WARN_OBJC_IMPLICIT_RETAIN_SELF = YES;
				CLANG_WARN_OBJC_LITERAL_CONVERSION = YES;
				CLANG_WARN_OBJC_ROOT_CLASS = YES_ERROR;
				CLANG_WARN_QUOTED_INCLUDE_IN_FRAMEWORK_HEADER = YES;
				CLANG_WARN_RANGE_LOOP_ANALYSIS = YES;
				CLANG_WARN_STRICT_PROTOTYPES = YES;
				CLANG_WARN_SUSPICIOUS_MOVE = YES;
				CLANG_WARN_UNGUARDED_AVAILABILITY = YES_AGGRESSIVE;
				CLANG_WARN_UNREACHABLE_CODE = YES;
				CLANG_WARN__DUPLICATE_METHOD_MATCH = YES;
				COPY_PHASE_STRIP = NO;
				DEBUG_INFORMATION_FORMAT = dwarf;
				ENABLE_STRICT_OBJC_MSGSEND = YES;
				ENABLE_TESTABILITY = YES;
				GCC_C_LANGUAGE_STANDARD = gnu11;
				GCC_DYNAMIC_NO_PIC = NO;
				GCC_NO_COMMON_BLOCKS = YES;
				GCC_OPTIMIZATION_LEVEL = 0;
				GCC_PREPROCESSOR_DEFINITIONS = (
					"DEBUG=1",
					"$(inherited)",
				);
				GCC_WARN_64_TO_32_BIT_CONVERSION = YES;
				GCC_WARN_ABOUT_RETURN_TYPE = YES_ERROR;
				GCC_WARN_UNDECLARED_SELECTOR = YES;
				GCC_WARN_UNINITIALIZED_AUTOS = YES_AGGRESSIVE;
				GCC_WARN_UNUSED_FUNCTION = YES;
				GCC_WARN_UNUSED_VARIABLE = YES;
				IPHONEOS_DEPLOYMENT_TARGET = 16.0;
				MTL_ENABLE_DEBUG_INFO = INCLUDE_SOURCE;
				MTL_FAST_MATH = YES;
				ONLY_ACTIVE_ARCH = YES;
				SDKROOT = iphoneos;
				SWIFT_ACTIVE_COMPILATION_CONDITIONS = DEBUG;
				SWIFT_OPTIMIZATION_LEVEL = "-Onone";
			};
			name = Debug;
		};
		B58F341F2909B0B900EA5D71 /* Release */ = {
			isa = XCBuildConfiguration;
			buildSettings = {
				ALWAYS_SEARCH_USER_PATHS = NO;
				CLANG_ANALYZER_NONNULL = YES;
				CLANG_ANALYZER_NUMBER_OBJECT_CONVERSION = YES_AGGRESSIVE;
				CLANG_CXX_LANGUAGE_STANDARD = "gnu++20";
				CLANG_ENABLE_MODULES = YES;
				CLANG_ENABLE_OBJC_ARC = YES;
				CLANG_ENABLE_OBJC_WEAK = YES;
				CLANG_WARN_BLOCK_CAPTURE_AUTORELEASING = YES;
				CLANG_WARN_BOOL_CONVERSION = YES;
				CLANG_WARN_COMMA = YES;
				CLANG_WARN_CONSTANT_CONVERSION = YES;
				CLANG_WARN_DEPRECATED_OBJC_IMPLEMENTATIONS = YES;
				CLANG_WARN_DIRECT_OBJC_ISA_USAGE = YES_ERROR;
				CLANG_WARN_DOCUMENTATION_COMMENTS = YES;
				CLANG_WARN_EMPTY_BODY = YES;
				CLANG_WARN_ENUM_CONVERSION = YES;
				CLANG_WARN_INFINITE_RECURSION = YES;
				CLANG_WARN_INT_CONVERSION = YES;
				CLANG_WARN_NON_LITERAL_NULL_CONVERSION = YES;
				CLANG_WARN_OBJC_IMPLICIT_RETAIN_SELF = YES;
				CLANG_WARN_OBJC_LITERAL_CONVERSION = YES;
				CLANG_WARN_OBJC_ROOT_CLASS = YES_ERROR;
				CLANG_WARN_QUOTED_INCLUDE_IN_FRAMEWORK_HEADER = YES;
				CLANG_WARN_RANGE_LOOP_ANALYSIS = YES;
				CLANG_WARN_STRICT_PROTOTYPES = YES;
				CLANG_WARN_SUSPICIOUS_MOVE = YES;
				CLANG_WARN_UNGUARDED_AVAILABILITY = YES_AGGRESSIVE;
				CLANG_WARN_UNREACHABLE_CODE = YES;
				CLANG_WARN__DUPLICATE_METHOD_MATCH = YES;
				COPY_PHASE_STRIP = NO;
				DEBUG_INFORMATION_FORMAT = "dwarf-with-dsym";
				ENABLE_NS_ASSERTIONS = NO;
				ENABLE_STRICT_OBJC_MSGSEND = YES;
				GCC_C_LANGUAGE_STANDARD = gnu11;
				GCC_NO_COMMON_BLOCKS = YES;
				GCC_WARN_64_TO_32_BIT_CONVERSION = YES;
				GCC_WARN_ABOUT_RETURN_TYPE = YES_ERROR;
				GCC_WARN_UNDECLARED_SELECTOR = YES;
				GCC_WARN_UNINITIALIZED_AUTOS = YES_AGGRESSIVE;
				GCC_WARN_UNUSED_FUNCTION = YES;
				GCC_WARN_UNUSED_VARIABLE = YES;
				IPHONEOS_DEPLOYMENT_TARGET = 16.0;
				MTL_ENABLE_DEBUG_INFO = NO;
				MTL_FAST_MATH = YES;
				SDKROOT = iphoneos;
				SWIFT_COMPILATION_MODE = wholemodule;
				SWIFT_OPTIMIZATION_LEVEL = "-O";
				VALIDATE_PRODUCT = YES;
			};
			name = Release;
		};
		B58F34212909B0B900EA5D71 /* Debug */ = {
			isa = XCBuildConfiguration;
			buildSettings = {
				ASSETCATALOG_COMPILER_APPICON_NAME = AppIcon;
				ASSETCATALOG_COMPILER_GLOBAL_ACCENT_COLOR_NAME = AccentColor;
				CODE_SIGN_IDENTITY = "Apple Development";
				CODE_SIGN_STYLE = Automatic;
				CURRENT_PROJECT_VERSION = 1;
				DEVELOPMENT_TEAM = 8S22DK6GD6;
				GENERATE_INFOPLIST_FILE = YES;
				INFOPLIST_FILE = CarDiagMainPage/Info.plist;
				INFOPLIST_KEY_CFBundleDisplayName = "Car Diagnostic";
				INFOPLIST_KEY_LSApplicationCategoryType = "public.app-category.utilities";
				INFOPLIST_KEY_UIApplicationSupportsIndirectInputEvents = YES;
				INFOPLIST_KEY_UILaunchStoryboardName = LaunchScreen.storyboard;
				INFOPLIST_KEY_UIMainStoryboardFile = Main;
				INFOPLIST_KEY_UISupportedInterfaceOrientations_iPad = "UIInterfaceOrientationPortrait UIInterfaceOrientationPortraitUpsideDown UIInterfaceOrientationLandscapeLeft UIInterfaceOrientationLandscapeRight";
				INFOPLIST_KEY_UISupportedInterfaceOrientations_iPhone = "UIInterfaceOrientationPortrait UIInterfaceOrientationLandscapeLeft UIInterfaceOrientationLandscapeRight";
				LD_RUNPATH_SEARCH_PATHS = (
					"$(inherited)",
					"@executable_path/Frameworks",
				);
				MARKETING_VERSION = 1.0;
				PRODUCT_BUNDLE_IDENTIFIER = redspark.CarDiagnosticApp;
				PRODUCT_NAME = "$(TARGET_NAME)";
				PROVISIONING_PROFILE_SPECIFIER = "";
				SUPPORTED_PLATFORMS = "iphoneos iphonesimulator";
				SUPPORTS_MACCATALYST = NO;
				SUPPORTS_MAC_DESIGNED_FOR_IPHONE_IPAD = NO;
				SWIFT_EMIT_LOC_STRINGS = YES;
				SWIFT_VERSION = 5.0;
				TARGETED_DEVICE_FAMILY = 1;
			};
			name = Debug;
		};
		B58F34222909B0B900EA5D71 /* Release */ = {
			isa = XCBuildConfiguration;
			buildSettings = {
				ASSETCATALOG_COMPILER_APPICON_NAME = AppIcon;
				ASSETCATALOG_COMPILER_GLOBAL_ACCENT_COLOR_NAME = AccentColor;
				CODE_SIGN_IDENTITY = "Apple Development";
				CODE_SIGN_STYLE = Automatic;
				CURRENT_PROJECT_VERSION = 1;
				DEVELOPMENT_TEAM = 8S22DK6GD6;
				GENERATE_INFOPLIST_FILE = YES;
				INFOPLIST_FILE = CarDiagMainPage/Info.plist;
				INFOPLIST_KEY_CFBundleDisplayName = "Car Diagnostic";
				INFOPLIST_KEY_LSApplicationCategoryType = "public.app-category.utilities";
				INFOPLIST_KEY_UIApplicationSupportsIndirectInputEvents = YES;
				INFOPLIST_KEY_UILaunchStoryboardName = LaunchScreen.storyboard;
				INFOPLIST_KEY_UIMainStoryboardFile = Main;
				INFOPLIST_KEY_UISupportedInterfaceOrientations_iPad = "UIInterfaceOrientationPortrait UIInterfaceOrientationPortraitUpsideDown UIInterfaceOrientationLandscapeLeft UIInterfaceOrientationLandscapeRight";
				INFOPLIST_KEY_UISupportedInterfaceOrientations_iPhone = "UIInterfaceOrientationPortrait UIInterfaceOrientationLandscapeLeft UIInterfaceOrientationLandscapeRight";
				LD_RUNPATH_SEARCH_PATHS = (
					"$(inherited)",
					"@executable_path/Frameworks",
				);
				MARKETING_VERSION = 1.0;
				PRODUCT_BUNDLE_IDENTIFIER = redspark.CarDiagnosticApp;
				PRODUCT_NAME = "$(TARGET_NAME)";
				PROVISIONING_PROFILE_SPECIFIER = "";
				SUPPORTED_PLATFORMS = "iphoneos iphonesimulator";
				SUPPORTS_MACCATALYST = NO;
				SUPPORTS_MAC_DESIGNED_FOR_IPHONE_IPAD = NO;
				SWIFT_EMIT_LOC_STRINGS = YES;
				SWIFT_VERSION = 5.0;
				TARGETED_DEVICE_FAMILY = 1;
			};
			name = Release;
		};
		B58F34242909B0B900EA5D71 /* Debug */ = {
			isa = XCBuildConfiguration;
			buildSettings = {
				ALWAYS_EMBED_SWIFT_STANDARD_LIBRARIES = YES;
				BUNDLE_LOADER = "$(TEST_HOST)";
				CODE_SIGN_STYLE = Automatic;
				CURRENT_PROJECT_VERSION = 1;
				DEVELOPMENT_TEAM = 8S22DK6GD6;
				GENERATE_INFOPLIST_FILE = YES;
				IPHONEOS_DEPLOYMENT_TARGET = 16.0;
				MARKETING_VERSION = 1.0;
				PRODUCT_BUNDLE_IDENTIFIER = redspark.CarDiagMainPageTests;
				PRODUCT_NAME = "$(TARGET_NAME)";
				SWIFT_EMIT_LOC_STRINGS = NO;
				SWIFT_VERSION = 5.0;
				TARGETED_DEVICE_FAMILY = "1,2";
				TEST_HOST = "$(BUILT_PRODUCTS_DIR)/CarDiagMainPage.app/$(BUNDLE_EXECUTABLE_FOLDER_PATH)/CarDiagMainPage";
			};
			name = Debug;
		};
		B58F34252909B0B900EA5D71 /* Release */ = {
			isa = XCBuildConfiguration;
			buildSettings = {
				ALWAYS_EMBED_SWIFT_STANDARD_LIBRARIES = YES;
				BUNDLE_LOADER = "$(TEST_HOST)";
				CODE_SIGN_STYLE = Automatic;
				CURRENT_PROJECT_VERSION = 1;
				DEVELOPMENT_TEAM = 8S22DK6GD6;
				GENERATE_INFOPLIST_FILE = YES;
				IPHONEOS_DEPLOYMENT_TARGET = 16.0;
				MARKETING_VERSION = 1.0;
				PRODUCT_BUNDLE_IDENTIFIER = redspark.CarDiagMainPageTests;
				PRODUCT_NAME = "$(TARGET_NAME)";
				SWIFT_EMIT_LOC_STRINGS = NO;
				SWIFT_VERSION = 5.0;
				TARGETED_DEVICE_FAMILY = "1,2";
				TEST_HOST = "$(BUILT_PRODUCTS_DIR)/CarDiagMainPage.app/$(BUNDLE_EXECUTABLE_FOLDER_PATH)/CarDiagMainPage";
			};
			name = Release;
		};
		B58F34272909B0B900EA5D71 /* Debug */ = {
			isa = XCBuildConfiguration;
			buildSettings = {
				ALWAYS_EMBED_SWIFT_STANDARD_LIBRARIES = YES;
				CODE_SIGN_STYLE = Automatic;
				CURRENT_PROJECT_VERSION = 1;
				DEVELOPMENT_TEAM = 8S22DK6GD6;
				GENERATE_INFOPLIST_FILE = YES;
				MARKETING_VERSION = 1.0;
				PRODUCT_BUNDLE_IDENTIFIER = redspark.CarDiagMainPageUITests;
				PRODUCT_NAME = "$(TARGET_NAME)";
				SWIFT_EMIT_LOC_STRINGS = NO;
				SWIFT_VERSION = 5.0;
				TARGETED_DEVICE_FAMILY = "1,2";
				TEST_TARGET_NAME = CarDiagMainPage;
			};
			name = Debug;
		};
		B58F34282909B0B900EA5D71 /* Release */ = {
			isa = XCBuildConfiguration;
			buildSettings = {
				ALWAYS_EMBED_SWIFT_STANDARD_LIBRARIES = YES;
				CODE_SIGN_STYLE = Automatic;
				CURRENT_PROJECT_VERSION = 1;
				DEVELOPMENT_TEAM = 8S22DK6GD6;
				GENERATE_INFOPLIST_FILE = YES;
				MARKETING_VERSION = 1.0;
				PRODUCT_BUNDLE_IDENTIFIER = redspark.CarDiagMainPageUITests;
				PRODUCT_NAME = "$(TARGET_NAME)";
				SWIFT_EMIT_LOC_STRINGS = NO;
				SWIFT_VERSION = 5.0;
				TARGETED_DEVICE_FAMILY = "1,2";
				TEST_TARGET_NAME = CarDiagMainPage;
			};
			name = Release;
		};
/* End XCBuildConfiguration section */

/* Begin XCConfigurationList section */
		B58F33F12909B0B800EA5D71 /* Build configuration list for PBXProject "CarDiagMainPage" */ = {
			isa = XCConfigurationList;
			buildConfigurations = (
				B58F341E2909B0B900EA5D71 /* Debug */,
				B58F341F2909B0B900EA5D71 /* Release */,
			);
			defaultConfigurationIsVisible = 0;
			defaultConfigurationName = Release;
		};
		B58F34202909B0B900EA5D71 /* Build configuration list for PBXNativeTarget "CarDiagMainPage" */ = {
			isa = XCConfigurationList;
			buildConfigurations = (
				B58F34212909B0B900EA5D71 /* Debug */,
				B58F34222909B0B900EA5D71 /* Release */,
			);
			defaultConfigurationIsVisible = 0;
			defaultConfigurationName = Release;
		};
		B58F34232909B0B900EA5D71 /* Build configuration list for PBXNativeTarget "CarDiagMainPageTests" */ = {
			isa = XCConfigurationList;
			buildConfigurations = (
				B58F34242909B0B900EA5D71 /* Debug */,
				B58F34252909B0B900EA5D71 /* Release */,
			);
			defaultConfigurationIsVisible = 0;
			defaultConfigurationName = Release;
		};
		B58F34262909B0B900EA5D71 /* Build configuration list for PBXNativeTarget "CarDiagMainPageUITests" */ = {
			isa = XCConfigurationList;
			buildConfigurations = (
				B58F34272909B0B900EA5D71 /* Debug */,
				B58F34282909B0B900EA5D71 /* Release */,
			);
			defaultConfigurationIsVisible = 0;
			defaultConfigurationName = Release;
		};
/* End XCConfigurationList section */

/* Begin XCRemoteSwiftPackageReference section */
		B5A332502911D5FF005F77D5 /* XCRemoteSwiftPackageReference "firebase-ios-sdk" */ = {
			isa = XCRemoteSwiftPackageReference;
			repositoryURL = "https://github.com/firebase/firebase-ios-sdk";
			requirement = {
				kind = upToNextMajorVersion;
				minimumVersion = 9.0.0;
			};
		};
/* End XCRemoteSwiftPackageReference section */

/* Begin XCSwiftPackageProductDependency section */
		B5A332512911D5FF005F77D5 /* FirebaseAnalytics */ = {
			isa = XCSwiftPackageProductDependency;
			package = B5A332502911D5FF005F77D5 /* XCRemoteSwiftPackageReference "firebase-ios-sdk" */;
			productName = FirebaseAnalytics;
		};
		B5A332532911D5FF005F77D5 /* FirebaseAnalyticsOnDeviceConversion */ = {
			isa = XCSwiftPackageProductDependency;
			package = B5A332502911D5FF005F77D5 /* XCRemoteSwiftPackageReference "firebase-ios-sdk" */;
			productName = FirebaseAnalyticsOnDeviceConversion;
		};
		B5A332552911D5FF005F77D5 /* FirebaseAnalyticsSwift */ = {
			isa = XCSwiftPackageProductDependency;
			package = B5A332502911D5FF005F77D5 /* XCRemoteSwiftPackageReference "firebase-ios-sdk" */;
			productName = FirebaseAnalyticsSwift;
		};
		B5A332572911D5FF005F77D5 /* FirebaseAnalyticsWithoutAdIdSupport */ = {
			isa = XCSwiftPackageProductDependency;
			package = B5A332502911D5FF005F77D5 /* XCRemoteSwiftPackageReference "firebase-ios-sdk" */;
			productName = FirebaseAnalyticsWithoutAdIdSupport;
		};
		B5A332592911D5FF005F77D5 /* FirebaseAppCheck */ = {
			isa = XCSwiftPackageProductDependency;
			package = B5A332502911D5FF005F77D5 /* XCRemoteSwiftPackageReference "firebase-ios-sdk" */;
			productName = FirebaseAppCheck;
		};
		B5A3325B2911D5FF005F77D5 /* FirebaseAppDistribution-Beta */ = {
			isa = XCSwiftPackageProductDependency;
			package = B5A332502911D5FF005F77D5 /* XCRemoteSwiftPackageReference "firebase-ios-sdk" */;
			productName = "FirebaseAppDistribution-Beta";
		};
		B5A3325D2911D5FF005F77D5 /* FirebaseAuth */ = {
			isa = XCSwiftPackageProductDependency;
			package = B5A332502911D5FF005F77D5 /* XCRemoteSwiftPackageReference "firebase-ios-sdk" */;
			productName = FirebaseAuth;
		};
		B5A3325F2911D5FF005F77D5 /* FirebaseAuthCombine-Community */ = {
			isa = XCSwiftPackageProductDependency;
			package = B5A332502911D5FF005F77D5 /* XCRemoteSwiftPackageReference "firebase-ios-sdk" */;
			productName = "FirebaseAuthCombine-Community";
		};
		B5A332612911D5FF005F77D5 /* FirebaseCrashlytics */ = {
			isa = XCSwiftPackageProductDependency;
			package = B5A332502911D5FF005F77D5 /* XCRemoteSwiftPackageReference "firebase-ios-sdk" */;
			productName = FirebaseCrashlytics;
		};
		B5A332632911D5FF005F77D5 /* FirebaseDatabase */ = {
			isa = XCSwiftPackageProductDependency;
			package = B5A332502911D5FF005F77D5 /* XCRemoteSwiftPackageReference "firebase-ios-sdk" */;
			productName = FirebaseDatabase;
		};
		B5A332652911D5FF005F77D5 /* FirebaseDatabaseSwift */ = {
			isa = XCSwiftPackageProductDependency;
			package = B5A332502911D5FF005F77D5 /* XCRemoteSwiftPackageReference "firebase-ios-sdk" */;
			productName = FirebaseDatabaseSwift;
		};
		B5A332672911D5FF005F77D5 /* FirebaseDynamicLinks */ = {
			isa = XCSwiftPackageProductDependency;
			package = B5A332502911D5FF005F77D5 /* XCRemoteSwiftPackageReference "firebase-ios-sdk" */;
			productName = FirebaseDynamicLinks;
		};
		B5A332692911D5FF005F77D5 /* FirebaseFirestore */ = {
			isa = XCSwiftPackageProductDependency;
			package = B5A332502911D5FF005F77D5 /* XCRemoteSwiftPackageReference "firebase-ios-sdk" */;
			productName = FirebaseFirestore;
		};
		B5A3326B2911D5FF005F77D5 /* FirebaseFirestoreCombine-Community */ = {
			isa = XCSwiftPackageProductDependency;
			package = B5A332502911D5FF005F77D5 /* XCRemoteSwiftPackageReference "firebase-ios-sdk" */;
			productName = "FirebaseFirestoreCombine-Community";
		};
		B5A3326D2911D5FF005F77D5 /* FirebaseFirestoreSwift */ = {
			isa = XCSwiftPackageProductDependency;
			package = B5A332502911D5FF005F77D5 /* XCRemoteSwiftPackageReference "firebase-ios-sdk" */;
			productName = FirebaseFirestoreSwift;
		};
		B5A3326F2911D5FF005F77D5 /* FirebaseFunctions */ = {
			isa = XCSwiftPackageProductDependency;
			package = B5A332502911D5FF005F77D5 /* XCRemoteSwiftPackageReference "firebase-ios-sdk" */;
			productName = FirebaseFunctions;
		};
		B5A332712911D5FF005F77D5 /* FirebaseFunctionsCombine-Community */ = {
			isa = XCSwiftPackageProductDependency;
			package = B5A332502911D5FF005F77D5 /* XCRemoteSwiftPackageReference "firebase-ios-sdk" */;
			productName = "FirebaseFunctionsCombine-Community";
		};
		B5A332732911D5FF005F77D5 /* FirebaseInAppMessaging-Beta */ = {
			isa = XCSwiftPackageProductDependency;
			package = B5A332502911D5FF005F77D5 /* XCRemoteSwiftPackageReference "firebase-ios-sdk" */;
			productName = "FirebaseInAppMessaging-Beta";
		};
		B5A332752911D5FF005F77D5 /* FirebaseInAppMessagingSwift-Beta */ = {
			isa = XCSwiftPackageProductDependency;
			package = B5A332502911D5FF005F77D5 /* XCRemoteSwiftPackageReference "firebase-ios-sdk" */;
			productName = "FirebaseInAppMessagingSwift-Beta";
		};
		B5A332772911D5FF005F77D5 /* FirebaseInstallations */ = {
			isa = XCSwiftPackageProductDependency;
			package = B5A332502911D5FF005F77D5 /* XCRemoteSwiftPackageReference "firebase-ios-sdk" */;
			productName = FirebaseInstallations;
		};
		B5A332792911D5FF005F77D5 /* FirebaseMLModelDownloader */ = {
			isa = XCSwiftPackageProductDependency;
			package = B5A332502911D5FF005F77D5 /* XCRemoteSwiftPackageReference "firebase-ios-sdk" */;
			productName = FirebaseMLModelDownloader;
		};
		B5A3327B2911D5FF005F77D5 /* FirebaseMessaging */ = {
			isa = XCSwiftPackageProductDependency;
			package = B5A332502911D5FF005F77D5 /* XCRemoteSwiftPackageReference "firebase-ios-sdk" */;
			productName = FirebaseMessaging;
		};
		B5A3327D2911D5FF005F77D5 /* FirebasePerformance */ = {
			isa = XCSwiftPackageProductDependency;
			package = B5A332502911D5FF005F77D5 /* XCRemoteSwiftPackageReference "firebase-ios-sdk" */;
			productName = FirebasePerformance;
		};
		B5A3327F2911D5FF005F77D5 /* FirebaseRemoteConfig */ = {
			isa = XCSwiftPackageProductDependency;
			package = B5A332502911D5FF005F77D5 /* XCRemoteSwiftPackageReference "firebase-ios-sdk" */;
			productName = FirebaseRemoteConfig;
		};
		B5A332812911D5FF005F77D5 /* FirebaseRemoteConfigSwift */ = {
			isa = XCSwiftPackageProductDependency;
			package = B5A332502911D5FF005F77D5 /* XCRemoteSwiftPackageReference "firebase-ios-sdk" */;
			productName = FirebaseRemoteConfigSwift;
		};
		B5A332832911D5FF005F77D5 /* FirebaseStorage */ = {
			isa = XCSwiftPackageProductDependency;
			package = B5A332502911D5FF005F77D5 /* XCRemoteSwiftPackageReference "firebase-ios-sdk" */;
			productName = FirebaseStorage;
		};
		B5A332852911D5FF005F77D5 /* FirebaseStorageCombine-Community */ = {
			isa = XCSwiftPackageProductDependency;
			package = B5A332502911D5FF005F77D5 /* XCRemoteSwiftPackageReference "firebase-ios-sdk" */;
			productName = "FirebaseStorageCombine-Community";
		};
/* End XCSwiftPackageProductDependency section */
	};
	rootObject = B58F33EE2909B0B800EA5D71 /* Project object */;
}
